
Microsoft Visual Studio Solution File, Format Version 12.00
# Visual Studio Version 17
VisualStudioVersion = 17.8.34322.80
MinimumVisualStudioVersion = 10.0.40219.1
Project("{9A19103F-16F7-4668-BE54-9A1E7A4F7556}") = "Silicon", "Silicon\Silicon.csproj", "{7826DF14-54A9-426F-A24C-C17876BE4DB6}"
EndProject
Project("{FAE04EC0-301F-11D3-BF4B-00C04F79EFBC}") = "Infrastructure", "Infrastructure\Infrastructure.csproj", "{5E1C90D2-36C3-4D82-A143-92D81DD6BF1A}"
EndProject
Global
	GlobalSection(SolutionConfigurationPlatforms) = preSolution
		Debug|Any CPU = Debug|Any CPU
		Release|Any CPU = Release|Any CPU
	EndGlobalSection
	GlobalSection(ProjectConfigurationPlatforms) = postSolution
		{7826DF14-54A9-426F-A24C-C17876BE4DB6}.Debug|Any CPU.ActiveCfg = Debug|Any CPU
		{7826DF14-54A9-426F-A24C-C17876BE4DB6}.Debug|Any CPU.Build.0 = Debug|Any CPU
		{7826DF14-54A9-426F-A24C-C17876BE4DB6}.Release|Any CPU.ActiveCfg = Release|Any CPU
		{7826DF14-54A9-426F-A24C-C17876BE4DB6}.Release|Any CPU.Build.0 = Release|Any CPU
		{5E1C90D2-36C3-4D82-A143-92D81DD6BF1A}.Debug|Any CPU.ActiveCfg = Debug|Any CPU
		{5E1C90D2-36C3-4D82-A143-92D81DD6BF1A}.Debug|Any CPU.Build.0 = Debug|Any CPU
		{5E1C90D2-36C3-4D82-A143-92D81DD6BF1A}.Release|Any CPU.ActiveCfg = Release|Any CPU
		{5E1C90D2-36C3-4D82-A143-92D81DD6BF1A}.Release|Any CPU.Build.0 = Release|Any CPU
	EndGlobalSection
	GlobalSection(SolutionProperties) = preSolution
		HideSolutionNode = FALSE
	EndGlobalSection
	GlobalSection(ExtensibilityGlobals) = postSolution
		SolutionGuid = {77A444C3-F6C8-4C60-AB08-AC3845127556}
	EndGlobalSection
EndGlobal
